
Microsoft Visual Studio Solution File, Format Version 12.00
# Visual Studio 15
VisualStudioVersion = 15.0.28307.271
MinimumVisualStudioVersion = 10.0.40219.1
Project("{FAE04EC0-301F-11D3-BF4B-00C04F79EFBC}") = "new1", "new1\new1.csproj", "{3BF6BBCA-898E-4BFD-984C-DC0F6262BE54}"
EndProject
Project("{FAE04EC0-301F-11D3-BF4B-00C04F79EFBC}") = "laba1", "ConsoleApp1\laba1.csproj", "{258CF622-212B-494F-B2E2-A36B47AE2604}"
EndProject
Project("{FAE04EC0-301F-11D3-BF4B-00C04F79EFBC}") = "laba2", "laba2\laba2.csproj", "{C2AF6635-87F9-4863-9F36-D68DC49BEA4D}"
EndProject
Project("{FAE04EC0-301F-11D3-BF4B-00C04F79EFBC}") = "laba3", "laba3\laba3.csproj", "{85283EA0-CFA6-4D48-9D5A-F37CEEFDE5BC}"
EndProject
Project("{FAE04EC0-301F-11D3-BF4B-00C04F79EFBC}") = "laba4-1", "laba4-1\laba4-1.csproj", "{278E5C94-095C-49B9-B2F6-631134FECF9D}"
EndProject
Project("{FAE04EC0-301F-11D3-BF4B-00C04F79EFBC}") = "Laba 5", "Laba 5\Laba 5.csproj", "{25093A2A-A920-4CCC-B1BA-EEF938502C0B}"
EndProject
Project("{FAE04EC0-301F-11D3-BF4B-00C04F79EFBC}") = "laba7", "laba7\laba7.csproj", "{CC874516-74A9-4286-9F9A-AED1DA5EB1AA}"
EndProject
Project("{FAE04EC0-301F-11D3-BF4B-00C04F79EFBC}") = "laba8", "laba8\laba8.csproj", "{5D679776-6678-40BE-B120-AA3459740BBF}"
EndProject
Project("{FAE04EC0-301F-11D3-BF4B-00C04F79EFBC}") = "testSerilize", "testSerilize\testSerilize.csproj", "{41AAD4BD-E510-4666-AADE-35BF1E950719}"
EndProject
Project("{FAE04EC0-301F-11D3-BF4B-00C04F79EFBC}") = "Sveta", "Sveta\Sveta.csproj", "{DABAE256-8F90-4191-AE55-79BB7171497C}"
EndProject
Project("{FAE04EC0-301F-11D3-BF4B-00C04F79EFBC}") = "testequelse", "testequelse\testequelse.csproj", "{8C9196F5-49D9-40C5-89FE-1AE2617A6F77}"
EndProject
Project("{2150E333-8FDC-42A3-9474-1A3956D46DE8}") = "Лабы", "Лабы", "{5E4CA8A8-443E-455C-9FDD-A7BB742E6EE6}"
EndProject
Project("{FAE04EC0-301F-11D3-BF4B-00C04F79EFBC}") = "testdelegate", "testdelegate\testdelegate.csproj", "{B6ABA5AC-787C-4658-A3B7-4F9EDCB39CA6}"
EndProject
Global
	GlobalSection(SolutionConfigurationPlatforms) = preSolution
		Debug|Any CPU = Debug|Any CPU
		Release|Any CPU = Release|Any CPU
	EndGlobalSection
	GlobalSection(ProjectConfigurationPlatforms) = postSolution
		{3BF6BBCA-898E-4BFD-984C-DC0F6262BE54}.Debug|Any CPU.ActiveCfg = Debug|Any CPU
		{3BF6BBCA-898E-4BFD-984C-DC0F6262BE54}.Debug|Any CPU.Build.0 = Debug|Any CPU
		{3BF6BBCA-898E-4BFD-984C-DC0F6262BE54}.Release|Any CPU.ActiveCfg = Release|Any CPU
		{3BF6BBCA-898E-4BFD-984C-DC0F6262BE54}.Release|Any CPU.Build.0 = Release|Any CPU
		{258CF622-212B-494F-B2E2-A36B47AE2604}.Debug|Any CPU.ActiveCfg = Debug|Any CPU
		{258CF622-212B-494F-B2E2-A36B47AE2604}.Debug|Any CPU.Build.0 = Debug|Any CPU
		{258CF622-212B-494F-B2E2-A36B47AE2604}.Release|Any CPU.ActiveCfg = Release|Any CPU
		{258CF622-212B-494F-B2E2-A36B47AE2604}.Release|Any CPU.Build.0 = Release|Any CPU
		{C2AF6635-87F9-4863-9F36-D68DC49BEA4D}.Debug|Any CPU.ActiveCfg = Debug|Any CPU
		{C2AF6635-87F9-4863-9F36-D68DC49BEA4D}.Debug|Any CPU.Build.0 = Debug|Any CPU
		{C2AF6635-87F9-4863-9F36-D68DC49BEA4D}.Release|Any CPU.ActiveCfg = Release|Any CPU
		{C2AF6635-87F9-4863-9F36-D68DC49BEA4D}.Release|Any CPU.Build.0 = Release|Any CPU
		{85283EA0-CFA6-4D48-9D5A-F37CEEFDE5BC}.Debug|Any CPU.ActiveCfg = Debug|Any CPU
		{85283EA0-CFA6-4D48-9D5A-F37CEEFDE5BC}.Debug|Any CPU.Build.0 = Debug|Any CPU
		{85283EA0-CFA6-4D48-9D5A-F37CEEFDE5BC}.Release|Any CPU.ActiveCfg = Release|Any CPU
		{85283EA0-CFA6-4D48-9D5A-F37CEEFDE5BC}.Release|Any CPU.Build.0 = Release|Any CPU
		{278E5C94-095C-49B9-B2F6-631134FECF9D}.Debug|Any CPU.ActiveCfg = Debug|Any CPU
		{278E5C94-095C-49B9-B2F6-631134FECF9D}.Debug|Any CPU.Build.0 = Debug|Any CPU
		{278E5C94-095C-49B9-B2F6-631134FECF9D}.Release|Any CPU.ActiveCfg = Release|Any CPU
		{278E5C94-095C-49B9-B2F6-631134FECF9D}.Release|Any CPU.Build.0 = Release|Any CPU
		{25093A2A-A920-4CCC-B1BA-EEF938502C0B}.Debug|Any CPU.ActiveCfg = Debug|Any CPU
		{25093A2A-A920-4CCC-B1BA-EEF938502C0B}.Debug|Any CPU.Build.0 = Debug|Any CPU
		{25093A2A-A920-4CCC-B1BA-EEF938502C0B}.Release|Any CPU.ActiveCfg = Release|Any CPU
		{25093A2A-A920-4CCC-B1BA-EEF938502C0B}.Release|Any CPU.Build.0 = Release|Any CPU
		{CC874516-74A9-4286-9F9A-AED1DA5EB1AA}.Debug|Any CPU.ActiveCfg = Debug|Any CPU
		{CC874516-74A9-4286-9F9A-AED1DA5EB1AA}.Debug|Any CPU.Build.0 = Debug|Any CPU
		{CC874516-74A9-4286-9F9A-AED1DA5EB1AA}.Release|Any CPU.ActiveCfg = Release|Any CPU
		{CC874516-74A9-4286-9F9A-AED1DA5EB1AA}.Release|Any CPU.Build.0 = Release|Any CPU
		{5D679776-6678-40BE-B120-AA3459740BBF}.Debug|Any CPU.ActiveCfg = Debug|Any CPU
		{5D679776-6678-40BE-B120-AA3459740BBF}.Debug|Any CPU.Build.0 = Debug|Any CPU
		{5D679776-6678-40BE-B120-AA3459740BBF}.Release|Any CPU.ActiveCfg = Release|Any CPU
		{5D679776-6678-40BE-B120-AA3459740BBF}.Release|Any CPU.Build.0 = Release|Any CPU
		{41AAD4BD-E510-4666-AADE-35BF1E950719}.Debug|Any CPU.ActiveCfg = Debug|Any CPU
		{41AAD4BD-E510-4666-AADE-35BF1E950719}.Debug|Any CPU.Build.0 = Debug|Any CPU
		{41AAD4BD-E510-4666-AADE-35BF1E950719}.Release|Any CPU.ActiveCfg = Release|Any CPU
		{41AAD4BD-E510-4666-AADE-35BF1E950719}.Release|Any CPU.Build.0 = Release|Any CPU
		{DABAE256-8F90-4191-AE55-79BB7171497C}.Debug|Any CPU.ActiveCfg = Debug|Any CPU
		{DABAE256-8F90-4191-AE55-79BB7171497C}.Debug|Any CPU.Build.0 = Debug|Any CPU
		{DABAE256-8F90-4191-AE55-79BB7171497C}.Release|Any CPU.ActiveCfg = Release|Any CPU
		{DABAE256-8F90-4191-AE55-79BB7171497C}.Release|Any CPU.Build.0 = Release|Any CPU
		{8C9196F5-49D9-40C5-89FE-1AE2617A6F77}.Debug|Any CPU.ActiveCfg = Debug|Any CPU
		{8C9196F5-49D9-40C5-89FE-1AE2617A6F77}.Debug|Any CPU.Build.0 = Debug|Any CPU
		{8C9196F5-49D9-40C5-89FE-1AE2617A6F77}.Release|Any CPU.ActiveCfg = Release|Any CPU
		{8C9196F5-49D9-40C5-89FE-1AE2617A6F77}.Release|Any CPU.Build.0 = Release|Any CPU
		{B6ABA5AC-787C-4658-A3B7-4F9EDCB39CA6}.Debug|Any CPU.ActiveCfg = Debug|Any CPU
		{B6ABA5AC-787C-4658-A3B7-4F9EDCB39CA6}.Debug|Any CPU.Build.0 = Debug|Any CPU
		{B6ABA5AC-787C-4658-A3B7-4F9EDCB39CA6}.Release|Any CPU.ActiveCfg = Release|Any CPU
		{B6ABA5AC-787C-4658-A3B7-4F9EDCB39CA6}.Release|Any CPU.Build.0 = Release|Any CPU
	EndGlobalSection
	GlobalSection(SolutionProperties) = preSolution
		HideSolutionNode = FALSE
	EndGlobalSection
	GlobalSection(NestedProjects) = preSolution
		{258CF622-212B-494F-B2E2-A36B47AE2604} = {5E4CA8A8-443E-455C-9FDD-A7BB742E6EE6}
		{C2AF6635-87F9-4863-9F36-D68DC49BEA4D} = {5E4CA8A8-443E-455C-9FDD-A7BB742E6EE6}
		{85283EA0-CFA6-4D48-9D5A-F37CEEFDE5BC} = {5E4CA8A8-443E-455C-9FDD-A7BB742E6EE6}
		{278E5C94-095C-49B9-B2F6-631134FECF9D} = {5E4CA8A8-443E-455C-9FDD-A7BB742E6EE6}
		{25093A2A-A920-4CCC-B1BA-EEF938502C0B} = {5E4CA8A8-443E-455C-9FDD-A7BB742E6EE6}
		{CC874516-74A9-4286-9F9A-AED1DA5EB1AA} = {5E4CA8A8-443E-455C-9FDD-A7BB742E6EE6}
		{5D679776-6678-40BE-B120-AA3459740BBF} = {5E4CA8A8-443E-455C-9FDD-A7BB742E6EE6}
	EndGlobalSection
	GlobalSection(ExtensibilityGlobals) = postSolution
		SolutionGuid = {4CF39BD5-917E-4CFE-BAB4-1189C82EB307}
	EndGlobalSection
EndGlobal
